// !$*UTF8*$!
{
	archiveVersion = 1;
	classes = {
	};
	objectVersion = 56;
	objects = {

/* Begin PBXBuildFile section */
		71EBDDDCD924E3B4AD0B449B /* Pods_esewaDemo1.framework in Frameworks */ = {isa = PBXBuildFile; fileRef = 6FA7A59F454294FDF9B37B39 /* Pods_esewaDemo1.framework */; };
		B3290BF02A47CAC30095E88E /* AppDelegate.swift in Sources */ = {isa = PBXBuildFile; fileRef = B3290BEF2A47CAC30095E88E /* AppDelegate.swift */; };
		B3290BF22A47CAC30095E88E /* SceneDelegate.swift in Sources */ = {isa = PBXBuildFile; fileRef = B3290BF12A47CAC30095E88E /* SceneDelegate.swift */; };
		B3290BF72A47CAC30095E88E /* Main.storyboard in Resources */ = {isa = PBXBuildFile; fileRef = B3290BF52A47CAC30095E88E /* Main.storyboard */; };
		B3290BF92A47CAC40095E88E /* Assets.xcassets in Resources */ = {isa = PBXBuildFile; fileRef = B3290BF82A47CAC40095E88E /* Assets.xcassets */; };
		B3290BFC2A47CAC40095E88E /* LaunchScreen.storyboard in Resources */ = {isa = PBXBuildFile; fileRef = B3290BFA2A47CAC40095E88E /* LaunchScreen.storyboard */; };
		B3290C082A47CB3F0095E88E /* ItemListPresenter.swift in Sources */ = {isa = PBXBuildFile; fileRef = B3290C072A47CB3F0095E88E /* ItemListPresenter.swift */; };
		B3290C0A2A47CBE70095E88E /* ItemListModel.swift in Sources */ = {isa = PBXBuildFile; fileRef = B3290C092A47CBE70095E88E /* ItemListModel.swift */; };
		B3290C0C2A47CC1E0095E88E /* ItemListViewController.swift in Sources */ = {isa = PBXBuildFile; fileRef = B3290C0B2A47CC1E0095E88E /* ItemListViewController.swift */; };
		B3290C0E2A47CC450095E88E /* FeaturedTableViewCell.swift in Sources */ = {isa = PBXBuildFile; fileRef = B3290C0D2A47CC450095E88E /* FeaturedTableViewCell.swift */; };
		B3290C102A47CC690095E88E /* FeaturedCell.swift in Sources */ = {isa = PBXBuildFile; fileRef = B3290C0F2A47CC690095E88E /* FeaturedCell.swift */; };
		B3290C142A47CD060095E88E /* ItemInfoTableViewCell.swift in Sources */ = {isa = PBXBuildFile; fileRef = B3290C132A47CD060095E88E /* ItemInfoTableViewCell.swift */; };
		B3290C162A47CD260095E88E /* DescriptionTableViewCell.swift in Sources */ = {isa = PBXBuildFile; fileRef = B3290C152A47CD260095E88E /* DescriptionTableViewCell.swift */; };
		B3290C182A47CD400095E88E /* PhotoTableViewCell.swift in Sources */ = {isa = PBXBuildFile; fileRef = B3290C172A47CD400095E88E /* PhotoTableViewCell.swift */; };
		B3290C1A2A47CD6E0095E88E /* ItemDetailViewController.swift in Sources */ = {isa = PBXBuildFile; fileRef = B3290C192A47CD6E0095E88E /* ItemDetailViewController.swift */; };
		B3290C1D2A47CDA40095E88E /* BaseViewController.swift in Sources */ = {isa = PBXBuildFile; fileRef = B3290C1C2A47CDA40095E88E /* BaseViewController.swift */; };
		B3290C202A47CDDB0095E88E /* APIManager.swift in Sources */ = {isa = PBXBuildFile; fileRef = B3290C1F2A47CDDB0095E88E /* APIManager.swift */; };
		B3290C222A47CDF70095E88E /* Constant.swift in Sources */ = {isa = PBXBuildFile; fileRef = B3290C212A47CDF70095E88E /* Constant.swift */; };
		B3290C372A498CFC0095E88E /* esewaDemo1Tests.swift in Sources */ = {isa = PBXBuildFile; fileRef = B3290C362A498CFC0095E88E /* esewaDemo1Tests.swift */; };
		B3290C822A4C32990095E88E /* BasePresenter.swift in Sources */ = {isa = PBXBuildFile; fileRef = B3290C812A4C32990095E88E /* BasePresenter.swift */; };
		B3F6774B2A5137E200A17A1C /* BaseView.swift in Sources */ = {isa = PBXBuildFile; fileRef = B3F6774A2A5137E200A17A1C /* BaseView.swift */; };
		B3F6774D2A513F4700A17A1C /* ItemDetailView.swift in Sources */ = {isa = PBXBuildFile; fileRef = B3F6774C2A513F4700A17A1C /* ItemDetailView.swift */; };
		B3F6774F2A513F5500A17A1C /* ItemListView.swift in Sources */ = {isa = PBXBuildFile; fileRef = B3F6774E2A513F5500A17A1C /* ItemListView.swift */; };
/* End PBXBuildFile section */

/* Begin PBXContainerItemProxy section */
		B3290C382A498CFC0095E88E /* PBXContainerItemProxy */ = {
			isa = PBXContainerItemProxy;
			containerPortal = B3290BE42A47CAC30095E88E /* Project object */;
			proxyType = 1;
			remoteGlobalIDString = B3290BEB2A47CAC30095E88E;
			remoteInfo = esewaDemo1;
		};
/* End PBXContainerItemProxy section */

/* Begin PBXFileReference section */
		0D42AB589F51409C759C8E03 /* Pods-esewaDemo1.debug.xcconfig */ = {isa = PBXFileReference; includeInIndex = 1; lastKnownFileType = text.xcconfig; name = "Pods-esewaDemo1.debug.xcconfig"; path = "Target Support Files/Pods-esewaDemo1/Pods-esewaDemo1.debug.xcconfig"; sourceTree = "<group>"; };
		13966DBD8A2BDA072E70D964 /* Pods-esewaDemo1.release.xcconfig */ = {isa = PBXFileReference; includeInIndex = 1; lastKnownFileType = text.xcconfig; name = "Pods-esewaDemo1.release.xcconfig"; path = "Target Support Files/Pods-esewaDemo1/Pods-esewaDemo1.release.xcconfig"; sourceTree = "<group>"; };
		6FA7A59F454294FDF9B37B39 /* Pods_esewaDemo1.framework */ = {isa = PBXFileReference; explicitFileType = wrapper.framework; includeInIndex = 0; path = Pods_esewaDemo1.framework; sourceTree = BUILT_PRODUCTS_DIR; };
		B3290BEC2A47CAC30095E88E /* esewaDemo1.app */ = {isa = PBXFileReference; explicitFileType = wrapper.application; includeInIndex = 0; path = esewaDemo1.app; sourceTree = BUILT_PRODUCTS_DIR; };
		B3290BEF2A47CAC30095E88E /* AppDelegate.swift */ = {isa = PBXFileReference; lastKnownFileType = sourcecode.swift; path = AppDelegate.swift; sourceTree = "<group>"; };
		B3290BF12A47CAC30095E88E /* SceneDelegate.swift */ = {isa = PBXFileReference; lastKnownFileType = sourcecode.swift; path = SceneDelegate.swift; sourceTree = "<group>"; };
		B3290BF62A47CAC30095E88E /* Base */ = {isa = PBXFileReference; lastKnownFileType = file.storyboard; name = Base; path = Base.lproj/Main.storyboard; sourceTree = "<group>"; };
		B3290BF82A47CAC40095E88E /* Assets.xcassets */ = {isa = PBXFileReference; lastKnownFileType = folder.assetcatalog; path = Assets.xcassets; sourceTree = "<group>"; };
		B3290BFB2A47CAC40095E88E /* Base */ = {isa = PBXFileReference; lastKnownFileType = file.storyboard; name = Base; path = Base.lproj/LaunchScreen.storyboard; sourceTree = "<group>"; };
		B3290BFD2A47CAC40095E88E /* Info.plist */ = {isa = PBXFileReference; lastKnownFileType = text.plist.xml; path = Info.plist; sourceTree = "<group>"; };
		B3290C072A47CB3F0095E88E /* ItemListPresenter.swift */ = {isa = PBXFileReference; lastKnownFileType = sourcecode.swift; path = ItemListPresenter.swift; sourceTree = "<group>"; };
		B3290C092A47CBE70095E88E /* ItemListModel.swift */ = {isa = PBXFileReference; lastKnownFileType = sourcecode.swift; path = ItemListModel.swift; sourceTree = "<group>"; };
		B3290C0B2A47CC1E0095E88E /* ItemListViewController.swift */ = {isa = PBXFileReference; lastKnownFileType = sourcecode.swift; path = ItemListViewController.swift; sourceTree = "<group>"; };
		B3290C0D2A47CC450095E88E /* FeaturedTableViewCell.swift */ = {isa = PBXFileReference; lastKnownFileType = sourcecode.swift; path = FeaturedTableViewCell.swift; sourceTree = "<group>"; };
		B3290C0F2A47CC690095E88E /* FeaturedCell.swift */ = {isa = PBXFileReference; lastKnownFileType = sourcecode.swift; path = FeaturedCell.swift; sourceTree = "<group>"; };
		B3290C132A47CD060095E88E /* ItemInfoTableViewCell.swift */ = {isa = PBXFileReference; lastKnownFileType = sourcecode.swift; path = ItemInfoTableViewCell.swift; sourceTree = "<group>"; };
		B3290C152A47CD260095E88E /* DescriptionTableViewCell.swift */ = {isa = PBXFileReference; lastKnownFileType = sourcecode.swift; path = DescriptionTableViewCell.swift; sourceTree = "<group>"; };
		B3290C172A47CD400095E88E /* PhotoTableViewCell.swift */ = {isa = PBXFileReference; lastKnownFileType = sourcecode.swift; path = PhotoTableViewCell.swift; sourceTree = "<group>"; };
		B3290C192A47CD6E0095E88E /* ItemDetailViewController.swift */ = {isa = PBXFileReference; lastKnownFileType = sourcecode.swift; path = ItemDetailViewController.swift; sourceTree = "<group>"; };
		B3290C1C2A47CDA40095E88E /* BaseViewController.swift */ = {isa = PBXFileReference; lastKnownFileType = sourcecode.swift; path = BaseViewController.swift; sourceTree = "<group>"; };
		B3290C1F2A47CDDB0095E88E /* APIManager.swift */ = {isa = PBXFileReference; lastKnownFileType = sourcecode.swift; path = APIManager.swift; sourceTree = "<group>"; };
		B3290C212A47CDF70095E88E /* Constant.swift */ = {isa = PBXFileReference; lastKnownFileType = sourcecode.swift; path = Constant.swift; sourceTree = "<group>"; };
		B3290C342A498CFC0095E88E /* esewaDemo1Tests.xctest */ = {isa = PBXFileReference; explicitFileType = wrapper.cfbundle; includeInIndex = 0; path = esewaDemo1Tests.xctest; sourceTree = BUILT_PRODUCTS_DIR; };
		B3290C362A498CFC0095E88E /* esewaDemo1Tests.swift */ = {isa = PBXFileReference; lastKnownFileType = sourcecode.swift; path = esewaDemo1Tests.swift; sourceTree = "<group>"; };
		B3290C812A4C32990095E88E /* BasePresenter.swift */ = {isa = PBXFileReference; lastKnownFileType = sourcecode.swift; path = BasePresenter.swift; sourceTree = "<group>"; };
		B3F6774A2A5137E200A17A1C /* BaseView.swift */ = {isa = PBXFileReference; lastKnownFileType = sourcecode.swift; path = BaseView.swift; sourceTree = "<group>"; };
		B3F6774C2A513F4700A17A1C /* ItemDetailView.swift */ = {isa = PBXFileReference; lastKnownFileType = sourcecode.swift; path = ItemDetailView.swift; sourceTree = "<group>"; };
		B3F6774E2A513F5500A17A1C /* ItemListView.swift */ = {isa = PBXFileReference; lastKnownFileType = sourcecode.swift; path = ItemListView.swift; sourceTree = "<group>"; };
/* End PBXFileReference section */

/* Begin PBXFrameworksBuildPhase section */
		B3290BE92A47CAC30095E88E /* Frameworks */ = {
			isa = PBXFrameworksBuildPhase;
			buildActionMask = 2147483647;
			files = (
				71EBDDDCD924E3B4AD0B449B /* Pods_esewaDemo1.framework in Frameworks */,
			);
			runOnlyForDeploymentPostprocessing = 0;
		};
		B3290C312A498CFC0095E88E /* Frameworks */ = {
			isa = PBXFrameworksBuildPhase;
			buildActionMask = 2147483647;
			files = (
			);
			runOnlyForDeploymentPostprocessing = 0;
		};
/* End PBXFrameworksBuildPhase section */

/* Begin PBXGroup section */
		214715A2B19D0236B0E895E2 /* Pods */ = {
			isa = PBXGroup;
			children = (
				0D42AB589F51409C759C8E03 /* Pods-esewaDemo1.debug.xcconfig */,
				13966DBD8A2BDA072E70D964 /* Pods-esewaDemo1.release.xcconfig */,
			);
			path = Pods;
			sourceTree = "<group>";
		};
		B3290BE32A47CAC30095E88E = {
			isa = PBXGroup;
			children = (
				B3290BEE2A47CAC30095E88E /* esewaDemo1 */,
				B3290C352A498CFC0095E88E /* esewaDemo1Tests */,
				B3290BED2A47CAC30095E88E /* Products */,
				214715A2B19D0236B0E895E2 /* Pods */,
				E0BEE75BF89242DF2346099E /* Frameworks */,
			);
			sourceTree = "<group>";
		};
		B3290BED2A47CAC30095E88E /* Products */ = {
			isa = PBXGroup;
			children = (
				B3290BEC2A47CAC30095E88E /* esewaDemo1.app */,
				B3290C342A498CFC0095E88E /* esewaDemo1Tests.xctest */,
			);
			name = Products;
			sourceTree = "<group>";
		};
		B3290BEE2A47CAC30095E88E /* esewaDemo1 */ = {
			isa = PBXGroup;
			children = (
				B3290C242A47CE7C0095E88E /* Resources */,
				B3290C232A47CE680095E88E /* App */,
				B3290C1E2A47CDCD0095E88E /* Helper */,
				B3290C1B2A47CD920095E88E /* Base */,
				B3290C112A47CCAC0095E88E /* ItemDetail */,
				B3290C032A47CAF30095E88E /* ItemList */,
				B3290BFD2A47CAC40095E88E /* Info.plist */,
			);
			path = esewaDemo1;
			sourceTree = "<group>";
		};
		B3290C032A47CAF30095E88E /* ItemList */ = {
			isa = PBXGroup;
			children = (
				B3290C062A47CB230095E88E /* Views */,
				B3290C052A47CB1B0095E88E /* Presenter */,
				B3290C042A47CB110095E88E /* Model */,
			);
			path = ItemList;
			sourceTree = "<group>";
		};
		B3290C042A47CB110095E88E /* Model */ = {
			isa = PBXGroup;
			children = (
				B3290C092A47CBE70095E88E /* ItemListModel.swift */,
			);
			path = Model;
			sourceTree = "<group>";
		};
		B3290C052A47CB1B0095E88E /* Presenter */ = {
			isa = PBXGroup;
			children = (
				B3290C072A47CB3F0095E88E /* ItemListPresenter.swift */,
			);
			path = Presenter;
			sourceTree = "<group>";
		};
		B3290C062A47CB230095E88E /* Views */ = {
			isa = PBXGroup;
			children = (
				B3290C0B2A47CC1E0095E88E /* ItemListViewController.swift */,
				B3290C0D2A47CC450095E88E /* FeaturedTableViewCell.swift */,
				B3290C0F2A47CC690095E88E /* FeaturedCell.swift */,
				B3F6774E2A513F5500A17A1C /* ItemListView.swift */,
			);
			path = Views;
			sourceTree = "<group>";
		};
		B3290C112A47CCAC0095E88E /* ItemDetail */ = {
			isa = PBXGroup;
			children = (
				B3290C122A47CCB80095E88E /* Views */,
			);
			path = ItemDetail;
			sourceTree = "<group>";
		};
		B3290C122A47CCB80095E88E /* Views */ = {
			isa = PBXGroup;
			children = (
				B3290C132A47CD060095E88E /* ItemInfoTableViewCell.swift */,
				B3290C152A47CD260095E88E /* DescriptionTableViewCell.swift */,
				B3290C172A47CD400095E88E /* PhotoTableViewCell.swift */,
				B3290C192A47CD6E0095E88E /* ItemDetailViewController.swift */,
				B3F6774C2A513F4700A17A1C /* ItemDetailView.swift */,
			);
			path = Views;
			sourceTree = "<group>";
		};
		B3290C1B2A47CD920095E88E /* Base */ = {
			isa = PBXGroup;
			children = (
				B3290C1C2A47CDA40095E88E /* BaseViewController.swift */,
				B3290C812A4C32990095E88E /* BasePresenter.swift */,
				B3F6774A2A5137E200A17A1C /* BaseView.swift */,
			);
			path = Base;
			sourceTree = "<group>";
		};
		B3290C1E2A47CDCD0095E88E /* Helper */ = {
			isa = PBXGroup;
			children = (
				B3290C1F2A47CDDB0095E88E /* APIManager.swift */,
				B3290C212A47CDF70095E88E /* Constant.swift */,
			);
			path = Helper;
			sourceTree = "<group>";
		};
		B3290C232A47CE680095E88E /* App */ = {
			isa = PBXGroup;
			children = (
				B3290BF12A47CAC30095E88E /* SceneDelegate.swift */,
				B3290BEF2A47CAC30095E88E /* AppDelegate.swift */,
			);
			path = App;
			sourceTree = "<group>";
		};
		B3290C242A47CE7C0095E88E /* Resources */ = {
			isa = PBXGroup;
			children = (
				B3290BF52A47CAC30095E88E /* Main.storyboard */,
				B3290BF82A47CAC40095E88E /* Assets.xcassets */,
				B3290BFA2A47CAC40095E88E /* LaunchScreen.storyboard */,
			);
			path = Resources;
			sourceTree = "<group>";
		};
		B3290C352A498CFC0095E88E /* esewaDemo1Tests */ = {
			isa = PBXGroup;
			children = (
				B3290C362A498CFC0095E88E /* esewaDemo1Tests.swift */,
			);
			path = esewaDemo1Tests;
			sourceTree = "<group>";
		};
		E0BEE75BF89242DF2346099E /* Frameworks */ = {
			isa = PBXGroup;
			children = (
				6FA7A59F454294FDF9B37B39 /* Pods_esewaDemo1.framework */,
			);
			name = Frameworks;
			sourceTree = "<group>";
		};
/* End PBXGroup section */

/* Begin PBXNativeTarget section */
		B3290BEB2A47CAC30095E88E /* esewaDemo1 */ = {
			isa = PBXNativeTarget;
			buildConfigurationList = B3290C002A47CAC40095E88E /* Build configuration list for PBXNativeTarget "esewaDemo1" */;
			buildPhases = (
				21260449382C5A7B2A675FC1 /* [CP] Check Pods Manifest.lock */,
				B3290BE82A47CAC30095E88E /* Sources */,
				B3290BE92A47CAC30095E88E /* Frameworks */,
				B3290BEA2A47CAC30095E88E /* Resources */,
				5D84A885F6571690C898FDCB /* [CP] Embed Pods Frameworks */,
			);
			buildRules = (
			);
			dependencies = (
			);
			name = esewaDemo1;
			productName = esewaDemo1;
			productReference = B3290BEC2A47CAC30095E88E /* esewaDemo1.app */;
			productType = "com.apple.product-type.application";
		};
		B3290C332A498CFC0095E88E /* esewaDemo1Tests */ = {
			isa = PBXNativeTarget;
			buildConfigurationList = B3290C3A2A498CFC0095E88E /* Build configuration list for PBXNativeTarget "esewaDemo1Tests" */;
			buildPhases = (
				B3290C302A498CFC0095E88E /* Sources */,
				B3290C312A498CFC0095E88E /* Frameworks */,
				B3290C322A498CFC0095E88E /* Resources */,
			);
			buildRules = (
			);
			dependencies = (
				B3290C392A498CFC0095E88E /* PBXTargetDependency */,
			);
			name = esewaDemo1Tests;
			productName = esewaDemo1Tests;
			productReference = B3290C342A498CFC0095E88E /* esewaDemo1Tests.xctest */;
			productType = "com.apple.product-type.bundle.unit-test";
		};
/* End PBXNativeTarget section */

/* Begin PBXProject section */
		B3290BE42A47CAC30095E88E /* Project object */ = {
			isa = PBXProject;
			attributes = {
				BuildIndependentTargetsInParallel = 1;
				LastSwiftUpdateCheck = 1430;
				LastUpgradeCheck = 1430;
				TargetAttributes = {
					B3290BEB2A47CAC30095E88E = {
						CreatedOnToolsVersion = 14.3.1;
					};
					B3290C332A498CFC0095E88E = {
						CreatedOnToolsVersion = 14.3.1;
						TestTargetID = B3290BEB2A47CAC30095E88E;
					};
				};
			};
			buildConfigurationList = B3290BE72A47CAC30095E88E /* Build configuration list for PBXProject "esewaDemo1" */;
			compatibilityVersion = "Xcode 14.0";
			developmentRegion = en;
			hasScannedForEncodings = 0;
			knownRegions = (
				en,
				Base,
			);
			mainGroup = B3290BE32A47CAC30095E88E;
			productRefGroup = B3290BED2A47CAC30095E88E /* Products */;
			projectDirPath = "";
			projectRoot = "";
			targets = (
				B3290BEB2A47CAC30095E88E /* esewaDemo1 */,
				B3290C332A498CFC0095E88E /* esewaDemo1Tests */,
			);
		};
/* End PBXProject section */

/* Begin PBXResourcesBuildPhase section */
		B3290BEA2A47CAC30095E88E /* Resources */ = {
			isa = PBXResourcesBuildPhase;
			buildActionMask = 2147483647;
			files = (
				B3290BFC2A47CAC40095E88E /* LaunchScreen.storyboard in Resources */,
				B3290BF92A47CAC40095E88E /* Assets.xcassets in Resources */,
				B3290BF72A47CAC30095E88E /* Main.storyboard in Resources */,
			);
			runOnlyForDeploymentPostprocessing = 0;
		};
		B3290C322A498CFC0095E88E /* Resources */ = {
			isa = PBXResourcesBuildPhase;
			buildActionMask = 2147483647;
			files = (
			);
			runOnlyForDeploymentPostprocessing = 0;
		};
/* End PBXResourcesBuildPhase section */

/* Begin PBXShellScriptBuildPhase section */
		21260449382C5A7B2A675FC1 /* [CP] Check Pods Manifest.lock */ = {
			isa = PBXShellScriptBuildPhase;
			buildActionMask = 2147483647;
			files = (
			);
			inputFileListPaths = (
			);
			inputPaths = (
				"${PODS_PODFILE_DIR_PATH}/Podfile.lock",
				"${PODS_ROOT}/Manifest.lock",
			);
			name = "[CP] Check Pods Manifest.lock";
			outputFileListPaths = (
			);
			outputPaths = (
				"$(DERIVED_FILE_DIR)/Pods-esewaDemo1-checkManifestLockResult.txt",
			);
			runOnlyForDeploymentPostprocessing = 0;
			shellPath = /bin/sh;
			shellScript = "diff \"${PODS_PODFILE_DIR_PATH}/Podfile.lock\" \"${PODS_ROOT}/Manifest.lock\" > /dev/null\nif [ $? != 0 ] ; then\n    # print error to STDERR\n    echo \"error: The sandbox is not in sync with the Podfile.lock. Run 'pod install' or update your CocoaPods installation.\" >&2\n    exit 1\nfi\n# This output is used by Xcode 'outputs' to avoid re-running this script phase.\necho \"SUCCESS\" > \"${SCRIPT_OUTPUT_FILE_0}\"\n";
			showEnvVarsInLog = 0;
		};
		5D84A885F6571690C898FDCB /* [CP] Embed Pods Frameworks */ = {
			isa = PBXShellScriptBuildPhase;
			buildActionMask = 2147483647;
			files = (
			);
			inputFileListPaths = (
				"${PODS_ROOT}/Target Support Files/Pods-esewaDemo1/Pods-esewaDemo1-frameworks-${CONFIGURATION}-input-files.xcfilelist",
			);
			name = "[CP] Embed Pods Frameworks";
			outputFileListPaths = (
				"${PODS_ROOT}/Target Support Files/Pods-esewaDemo1/Pods-esewaDemo1-frameworks-${CONFIGURATION}-output-files.xcfilelist",
			);
			runOnlyForDeploymentPostprocessing = 0;
			shellPath = /bin/sh;
			shellScript = "\"${PODS_ROOT}/Target Support Files/Pods-esewaDemo1/Pods-esewaDemo1-frameworks.sh\"\n";
			showEnvVarsInLog = 0;
		};
/* End PBXShellScriptBuildPhase section */

/* Begin PBXSourcesBuildPhase section */
		B3290BE82A47CAC30095E88E /* Sources */ = {
			isa = PBXSourcesBuildPhase;
			buildActionMask = 2147483647;
			files = (
				B3290C182A47CD400095E88E /* PhotoTableViewCell.swift in Sources */,
				B3290C822A4C32990095E88E /* BasePresenter.swift in Sources */,
				B3290BF02A47CAC30095E88E /* AppDelegate.swift in Sources */,
				B3290C0C2A47CC1E0095E88E /* ItemListViewController.swift in Sources */,
				B3290C082A47CB3F0095E88E /* ItemListPresenter.swift in Sources */,
				B3290C0A2A47CBE70095E88E /* ItemListModel.swift in Sources */,
				B3290C1D2A47CDA40095E88E /* BaseViewController.swift in Sources */,
				B3290C142A47CD060095E88E /* ItemInfoTableViewCell.swift in Sources */,
				B3F6774D2A513F4700A17A1C /* ItemDetailView.swift in Sources */,
				B3290C222A47CDF70095E88E /* Constant.swift in Sources */,
				B3290C102A47CC690095E88E /* FeaturedCell.swift in Sources */,
				B3290BF22A47CAC30095E88E /* SceneDelegate.swift in Sources */,
				B3290C1A2A47CD6E0095E88E /* ItemDetailViewController.swift in Sources */,
				B3F6774F2A513F5500A17A1C /* ItemListView.swift in Sources */,
				B3290C202A47CDDB0095E88E /* APIManager.swift in Sources */,
				B3290C162A47CD260095E88E /* DescriptionTableViewCell.swift in Sources */,
				B3290C0E2A47CC450095E88E /* FeaturedTableViewCell.swift in Sources */,
				B3F6774B2A5137E200A17A1C /* BaseView.swift in Sources */,
			);
			runOnlyForDeploymentPostprocessing = 0;
		};
		B3290C302A498CFC0095E88E /* Sources */ = {
			isa = PBXSourcesBuildPhase;
			buildActionMask = 2147483647;
			files = (
				B3290C372A498CFC0095E88E /* esewaDemo1Tests.swift in Sources */,
			);
			runOnlyForDeploymentPostprocessing = 0;
		};
/* End PBXSourcesBuildPhase section */

/* Begin PBXTargetDependency section */
		B3290C392A498CFC0095E88E /* PBXTargetDependency */ = {
			isa = PBXTargetDependency;
			target = B3290BEB2A47CAC30095E88E /* esewaDemo1 */;
			targetProxy = B3290C382A498CFC0095E88E /* PBXContainerItemProxy */;
		};
/* End PBXTargetDependency section */

/* Begin PBXVariantGroup section */
		B3290BF52A47CAC30095E88E /* Main.storyboard */ = {
			isa = PBXVariantGroup;
			children = (
				B3290BF62A47CAC30095E88E /* Base */,
			);
			name = Main.storyboard;
			sourceTree = "<group>";
		};
		B3290BFA2A47CAC40095E88E /* LaunchScreen.storyboard */ = {
			isa = PBXVariantGroup;
			children = (
				B3290BFB2A47CAC40095E88E /* Base */,
			);
			name = LaunchScreen.storyboard;
			sourceTree = "<group>";
		};
/* End PBXVariantGroup section */

/* Begin XCBuildConfiguration section */
		B3290BFE2A47CAC40095E88E /* Debug */ = {
			isa = XCBuildConfiguration;
			buildSettings = {
				ALWAYS_SEARCH_USER_PATHS = NO;
				CLANG_ANALYZER_NONNULL = YES;
				CLANG_ANALYZER_NUMBER_OBJECT_CONVERSION = YES_AGGRESSIVE;
				CLANG_CXX_LANGUAGE_STANDARD = "gnu++20";
				CLANG_ENABLE_MODULES = YES;
				CLANG_ENABLE_OBJC_ARC = YES;
				CLANG_ENABLE_OBJC_WEAK = YES;
				CLANG_WARN_BLOCK_CAPTURE_AUTORELEASING = YES;
				CLANG_WARN_BOOL_CONVERSION = YES;
				CLANG_WARN_COMMA = YES;
				CLANG_WARN_CONSTANT_CONVERSION = YES;
				CLANG_WARN_DEPRECATED_OBJC_IMPLEMENTATIONS = YES;
				CLANG_WARN_DIRECT_OBJC_ISA_USAGE = YES_ERROR;
				CLANG_WARN_DOCUMENTATION_COMMENTS = YES;
				CLANG_WARN_EMPTY_BODY = YES;
				CLANG_WARN_ENUM_CONVERSION = YES;
				CLANG_WARN_INFINITE_RECURSION = YES;
				CLANG_WARN_INT_CONVERSION = YES;
				CLANG_WARN_NON_LITERAL_NULL_CONVERSION = YES;
				CLANG_WARN_OBJC_IMPLICIT_RETAIN_SELF = YES;
				CLANG_WARN_OBJC_LITERAL_CONVERSION = YES;
				CLANG_WARN_OBJC_ROOT_CLASS = YES_ERROR;
				CLANG_WARN_QUOTED_INCLUDE_IN_FRAMEWORK_HEADER = YES;
				CLANG_WARN_RANGE_LOOP_ANALYSIS = YES;
				CLANG_WARN_STRICT_PROTOTYPES = YES;
				CLANG_WARN_SUSPICIOUS_MOVE = YES;
				CLANG_WARN_UNGUARDED_AVAILABILITY = YES_AGGRESSIVE;
				CLANG_WARN_UNREACHABLE_CODE = YES;
				CLANG_WARN__DUPLICATE_METHOD_MATCH = YES;
				COPY_PHASE_STRIP = NO;
				DEBUG_INFORMATION_FORMAT = dwarf;
				ENABLE_STRICT_OBJC_MSGSEND = YES;
				ENABLE_TESTABILITY = YES;
				GCC_C_LANGUAGE_STANDARD = gnu11;
				GCC_DYNAMIC_NO_PIC = NO;
				GCC_NO_COMMON_BLOCKS = YES;
				GCC_OPTIMIZATION_LEVEL = 0;
				GCC_PREPROCESSOR_DEFINITIONS = (
					"DEBUG=1",
					"$(inherited)",
				);
				GCC_WARN_64_TO_32_BIT_CONVERSION = YES;
				GCC_WARN_ABOUT_RETURN_TYPE = YES_ERROR;
				GCC_WARN_UNDECLARED_SELECTOR = YES;
				GCC_WARN_UNINITIALIZED_AUTOS = YES_AGGRESSIVE;
				GCC_WARN_UNUSED_FUNCTION = YES;
				GCC_WARN_UNUSED_VARIABLE = YES;
				IPHONEOS_DEPLOYMENT_TARGET = 16.4;
				MTL_ENABLE_DEBUG_INFO = INCLUDE_SOURCE;
				MTL_FAST_MATH = YES;
				ONLY_ACTIVE_ARCH = YES;
				SDKROOT = iphoneos;
				SWIFT_ACTIVE_COMPILATION_CONDITIONS = DEBUG;
				SWIFT_OPTIMIZATION_LEVEL = "-Onone";
			};
			name = Debug;
		};
		B3290BFF2A47CAC40095E88E /* Release */ = {
			isa = XCBuildConfiguration;
			buildSettings = {
				ALWAYS_SEARCH_USER_PATHS = NO;
				CLANG_ANALYZER_NONNULL = YES;
				CLANG_ANALYZER_NUMBER_OBJECT_CONVERSION = YES_AGGRESSIVE;
				CLANG_CXX_LANGUAGE_STANDARD = "gnu++20";
				CLANG_ENABLE_MODULES = YES;
				CLANG_ENABLE_OBJC_ARC = YES;
				CLANG_ENABLE_OBJC_WEAK = YES;
				CLANG_WARN_BLOCK_CAPTURE_AUTORELEASING = YES;
				CLANG_WARN_BOOL_CONVERSION = YES;
				CLANG_WARN_COMMA = YES;
				CLANG_WARN_CONSTANT_CONVERSION = YES;
				CLANG_WARN_DEPRECATED_OBJC_IMPLEMENTATIONS = YES;
				CLANG_WARN_DIRECT_OBJC_ISA_USAGE = YES_ERROR;
				CLANG_WARN_DOCUMENTATION_COMMENTS = YES;
				CLANG_WARN_EMPTY_BODY = YES;
				CLANG_WARN_ENUM_CONVERSION = YES;
				CLANG_WARN_INFINITE_RECURSION = YES;
				CLANG_WARN_INT_CONVERSION = YES;
				CLANG_WARN_NON_LITERAL_NULL_CONVERSION = YES;
				CLANG_WARN_OBJC_IMPLICIT_RETAIN_SELF = YES;
				CLANG_WARN_OBJC_LITERAL_CONVERSION = YES;
				CLANG_WARN_OBJC_ROOT_CLASS = YES_ERROR;
				CLANG_WARN_QUOTED_INCLUDE_IN_FRAMEWORK_HEADER = YES;
				CLANG_WARN_RANGE_LOOP_ANALYSIS = YES;
				CLANG_WARN_STRICT_PROTOTYPES = YES;
				CLANG_WARN_SUSPICIOUS_MOVE = YES;
				CLANG_WARN_UNGUARDED_AVAILABILITY = YES_AGGRESSIVE;
				CLANG_WARN_UNREACHABLE_CODE = YES;
				CLANG_WARN__DUPLICATE_METHOD_MATCH = YES;
				COPY_PHASE_STRIP = NO;
				DEBUG_INFORMATION_FORMAT = "dwarf-with-dsym";
				ENABLE_NS_ASSERTIONS = NO;
				ENABLE_STRICT_OBJC_MSGSEND = YES;
				GCC_C_LANGUAGE_STANDARD = gnu11;
				GCC_NO_COMMON_BLOCKS = YES;
				GCC_WARN_64_TO_32_BIT_CONVERSION = YES;
				GCC_WARN_ABOUT_RETURN_TYPE = YES_ERROR;
				GCC_WARN_UNDECLARED_SELECTOR = YES;
				GCC_WARN_UNINITIALIZED_AUTOS = YES_AGGRESSIVE;
				GCC_WARN_UNUSED_FUNCTION = YES;
				GCC_WARN_UNUSED_VARIABLE = YES;
				IPHONEOS_DEPLOYMENT_TARGET = 16.4;
				MTL_ENABLE_DEBUG_INFO = NO;
				MTL_FAST_MATH = YES;
				SDKROOT = iphoneos;
				SWIFT_COMPILATION_MODE = wholemodule;
				SWIFT_OPTIMIZATION_LEVEL = "-O";
				VALIDATE_PRODUCT = YES;
			};
			name = Release;
		};
		B3290C012A47CAC40095E88E /* Debug */ = {
			isa = XCBuildConfiguration;
			baseConfigurationReference = 0D42AB589F51409C759C8E03 /* Pods-esewaDemo1.debug.xcconfig */;
			buildSettings = {
				ASSETCATALOG_COMPILER_APPICON_NAME = AppIcon;
				ASSETCATALOG_COMPILER_GLOBAL_ACCENT_COLOR_NAME = AccentColor;
				CODE_SIGN_STYLE = Automatic;
				CURRENT_PROJECT_VERSION = 1;
				DEVELOPMENT_TEAM = 28HUT9JV7B;
				GENERATE_INFOPLIST_FILE = YES;
				INFOPLIST_FILE = esewaDemo1/Info.plist;
				INFOPLIST_KEY_UIApplicationSupportsIndirectInputEvents = YES;
				INFOPLIST_KEY_UILaunchStoryboardName = LaunchScreen;
				INFOPLIST_KEY_UIMainStoryboardFile = Main;
				INFOPLIST_KEY_UISupportedInterfaceOrientations_iPad = "UIInterfaceOrientationPortrait UIInterfaceOrientationPortraitUpsideDown UIInterfaceOrientationLandscapeLeft UIInterfaceOrientationLandscapeRight";
				INFOPLIST_KEY_UISupportedInterfaceOrientations_iPhone = "UIInterfaceOrientationPortrait UIInterfaceOrientationLandscapeLeft UIInterfaceOrientationLandscapeRight";
				LD_RUNPATH_SEARCH_PATHS = (
					"$(inherited)",
					"@executable_path/Frameworks",
				);
				MARKETING_VERSION = 1.0;
				PRODUCT_BUNDLE_IDENTIFIER = com.kirangurung.esewaDemo1;
				PRODUCT_NAME = "$(TARGET_NAME)";
				SWIFT_EMIT_LOC_STRINGS = YES;
				SWIFT_VERSION = 5.0;
				TARGETED_DEVICE_FAMILY = "1,2";
			};
			name = Debug;
		};
		B3290C022A47CAC40095E88E /* Release */ = {
			isa = XCBuildConfiguration;
			baseConfigurationReference = 13966DBD8A2BDA072E70D964 /* Pods-esewaDemo1.release.xcconfig */;
			buildSettings = {
				ASSETCATALOG_COMPILER_APPICON_NAME = AppIcon;
				ASSETCATALOG_COMPILER_GLOBAL_ACCENT_COLOR_NAME = AccentColor;
				CODE_SIGN_STYLE = Automatic;
				CURRENT_PROJECT_VERSION = 1;
				DEVELOPMENT_TEAM = 28HUT9JV7B;
				GENERATE_INFOPLIST_FILE = YES;
				INFOPLIST_FILE = esewaDemo1/Info.plist;
				INFOPLIST_KEY_UIApplicationSupportsIndirectInputEvents = YES;
				INFOPLIST_KEY_UILaunchStoryboardName = LaunchScreen;
				INFOPLIST_KEY_UIMainStoryboardFile = Main;
				INFOPLIST_KEY_UISupportedInterfaceOrientations_iPad = "UIInterfaceOrientationPortrait UIInterfaceOrientationPortraitUpsideDown UIInterfaceOrientationLandscapeLeft UIInterfaceOrientationLandscapeRight";
				INFOPLIST_KEY_UISupportedInterfaceOrientations_iPhone = "UIInterfaceOrientationPortrait UIInterfaceOrientationLandscapeLeft UIInterfaceOrientationLandscapeRight";
				LD_RUNPATH_SEARCH_PATHS = (
					"$(inherited)",
					"@executable_path/Frameworks",
				);
				MARKETING_VERSION = 1.0;
				PRODUCT_BUNDLE_IDENTIFIER = com.kirangurung.esewaDemo1;
				PRODUCT_NAME = "$(TARGET_NAME)";
				SWIFT_EMIT_LOC_STRINGS = YES;
				SWIFT_VERSION = 5.0;
				TARGETED_DEVICE_FAMILY = "1,2";
			};
			name = Release;
		};
		B3290C3B2A498CFC0095E88E /* Debug */ = {
			isa = XCBuildConfiguration;
			buildSettings = {
				BUNDLE_LOADER = "$(TEST_HOST)";
				CODE_SIGN_STYLE = Automatic;
				CURRENT_PROJECT_VERSION = 1;
				DEVELOPMENT_TEAM = 28HUT9JV7B;
				GENERATE_INFOPLIST_FILE = YES;
				MARKETING_VERSION = 1.0;
				PRODUCT_BUNDLE_IDENTIFIER = com.kirangurung.esewaDemo1Tests;
				PRODUCT_NAME = "$(TARGET_NAME)";
				SWIFT_EMIT_LOC_STRINGS = NO;
				SWIFT_VERSION = 5.0;
				TARGETED_DEVICE_FAMILY = "1,2";
				TEST_HOST = "$(BUILT_PRODUCTS_DIR)/esewaDemo1.app/$(BUNDLE_EXECUTABLE_FOLDER_PATH)/esewaDemo1";
			};
			name = Debug;
		};
		B3290C3C2A498CFC0095E88E /* Release */ = {
			isa = XCBuildConfiguration;
			buildSettings = {
				BUNDLE_LOADER = "$(TEST_HOST)";
				CODE_SIGN_STYLE = Automatic;
				CURRENT_PROJECT_VERSION = 1;
				DEVELOPMENT_TEAM = 28HUT9JV7B;
				GENERATE_INFOPLIST_FILE = YES;
				MARKETING_VERSION = 1.0;
				PRODUCT_BUNDLE_IDENTIFIER = com.kirangurung.esewaDemo1Tests;
				PRODUCT_NAME = "$(TARGET_NAME)";
				SWIFT_EMIT_LOC_STRINGS = NO;
				SWIFT_VERSION = 5.0;
				TARGETED_DEVICE_FAMILY = "1,2";
				TEST_HOST = "$(BUILT_PRODUCTS_DIR)/esewaDemo1.app/$(BUNDLE_EXECUTABLE_FOLDER_PATH)/esewaDemo1";
			};
			name = Release;
		};
/* End XCBuildConfiguration section */

/* Begin XCConfigurationList section */
		B3290BE72A47CAC30095E88E /* Build configuration list for PBXProject "esewaDemo1" */ = {
			isa = XCConfigurationList;
			buildConfigurations = (
				B3290BFE2A47CAC40095E88E /* Debug */,
				B3290BFF2A47CAC40095E88E /* Release */,
			);
			defaultConfigurationIsVisible = 0;
			defaultConfigurationName = Release;
		};
		B3290C002A47CAC40095E88E /* Build configuration list for PBXNativeTarget "esewaDemo1" */ = {
			isa = XCConfigurationList;
			buildConfigurations = (
				B3290C012A47CAC40095E88E /* Debug */,
				B3290C022A47CAC40095E88E /* Release */,
			);
			defaultConfigurationIsVisible = 0;
			defaultConfigurationName = Release;
		};
		B3290C3A2A498CFC0095E88E /* Build configuration list for PBXNativeTarget "esewaDemo1Tests" */ = {
			isa = XCConfigurationList;
			buildConfigurations = (
				B3290C3B2A498CFC0095E88E /* Debug */,
				B3290C3C2A498CFC0095E88E /* Release */,
			);
			defaultConfigurationIsVisible = 0;
			defaultConfigurationName = Release;
		};
/* End XCConfigurationList section */
	};
	rootObject = B3290BE42A47CAC30095E88E /* Project object */;
}
